
Microsoft Visual Studio Solution File, Format Version 12.00
# Visual Studio Version 17
VisualStudioVersion = 17.13.35806.99
MinimumVisualStudioVersion = 10.0.40219.1
Project("{FAE04EC0-301F-11D3-BF4B-00C04F79EFBC}") = "Coto.VentasAutomoviles.Application", "src\Coto.VentasAutomoviles.Application\Coto.VentasAutomoviles.Application.csproj", "{EB76F97F-E972-4F4A-928F-384930FD423E}"
EndProject
Project("{FAE04EC0-301F-11D3-BF4B-00C04F79EFBC}") = "Coto.VentasAutomoviles.Domain", "src\Coto.VentasAutomoviles.Domain\Coto.VentasAutomoviles.Domain.csproj", "{8A924485-85BA-4E38-85F7-798937B9BF5F}"
EndProject
Project("{FAE04EC0-301F-11D3-BF4B-00C04F79EFBC}") = "Coto.VentasAutomoviles.Api", "src\Coto.VentasAutomoviles.Api\Coto.VentasAutomoviles.Api.csproj", "{9388C16F-71F0-9131-128C-EDF2100905BD}"
EndProject
Project("{FAE04EC0-301F-11D3-BF4B-00C04F79EFBC}") = "Coto.VentasAutomoviles.Infrastructure", "src\Coto.VentasAutomoviles.Infrastructure\Coto.VentasAutomoviles.Infrastructure.csproj", "{4DB9C90B-264D-9B98-64CF-91BDADC4E26A}"
EndProject
Project("{FAE04EC0-301F-11D3-BF4B-00C04F79EFBC}") = "Coto.VentasAutomoviles.Test", "src\Coto.VentasAutomoviles.Test\Coto.VentasAutomoviles.Test.csproj", "{B266EED0-D01C-C5DF-CDDB-B7634E18B847}"
EndProject
Global
	GlobalSection(SolutionConfigurationPlatforms) = preSolution
		Debug|Any CPU = Debug|Any CPU
		Release|Any CPU = Release|Any CPU
	EndGlobalSection
	GlobalSection(ProjectConfigurationPlatforms) = postSolution
		{EB76F97F-E972-4F4A-928F-384930FD423E}.Debug|Any CPU.ActiveCfg = Debug|Any CPU
		{EB76F97F-E972-4F4A-928F-384930FD423E}.Debug|Any CPU.Build.0 = Debug|Any CPU
		{EB76F97F-E972-4F4A-928F-384930FD423E}.Release|Any CPU.ActiveCfg = Release|Any CPU
		{EB76F97F-E972-4F4A-928F-384930FD423E}.Release|Any CPU.Build.0 = Release|Any CPU
		{8A924485-85BA-4E38-85F7-798937B9BF5F}.Debug|Any CPU.ActiveCfg = Debug|Any CPU
		{8A924485-85BA-4E38-85F7-798937B9BF5F}.Debug|Any CPU.Build.0 = Debug|Any CPU
		{8A924485-85BA-4E38-85F7-798937B9BF5F}.Release|Any CPU.ActiveCfg = Release|Any CPU
		{8A924485-85BA-4E38-85F7-798937B9BF5F}.Release|Any CPU.Build.0 = Release|Any CPU
		{9388C16F-71F0-9131-128C-EDF2100905BD}.Debug|Any CPU.ActiveCfg = Debug|Any CPU
		{9388C16F-71F0-9131-128C-EDF2100905BD}.Debug|Any CPU.Build.0 = Debug|Any CPU
		{9388C16F-71F0-9131-128C-EDF2100905BD}.Release|Any CPU.ActiveCfg = Release|Any CPU
		{9388C16F-71F0-9131-128C-EDF2100905BD}.Release|Any CPU.Build.0 = Release|Any CPU
		{4DB9C90B-264D-9B98-64CF-91BDADC4E26A}.Debug|Any CPU.ActiveCfg = Debug|Any CPU
		{4DB9C90B-264D-9B98-64CF-91BDADC4E26A}.Debug|Any CPU.Build.0 = Debug|Any CPU
		{4DB9C90B-264D-9B98-64CF-91BDADC4E26A}.Release|Any CPU.ActiveCfg = Release|Any CPU
		{4DB9C90B-264D-9B98-64CF-91BDADC4E26A}.Release|Any CPU.Build.0 = Release|Any CPU
		{B266EED0-D01C-C5DF-CDDB-B7634E18B847}.Debug|Any CPU.ActiveCfg = Debug|Any CPU
		{B266EED0-D01C-C5DF-CDDB-B7634E18B847}.Debug|Any CPU.Build.0 = Debug|Any CPU
		{B266EED0-D01C-C5DF-CDDB-B7634E18B847}.Release|Any CPU.ActiveCfg = Release|Any CPU
		{B266EED0-D01C-C5DF-CDDB-B7634E18B847}.Release|Any CPU.Build.0 = Release|Any CPU
	EndGlobalSection
	GlobalSection(SolutionProperties) = preSolution
		HideSolutionNode = FALSE
	EndGlobalSection
	GlobalSection(ExtensibilityGlobals) = postSolution
		SolutionGuid = {7757096E-558F-49B4-A5B6-643B157F5035}
	EndGlobalSection
EndGlobal
